{
  "version": 4,
  "terraform_version": "1.9.7",
  "serial": 1,
  "lineage": "98da2aa9-4106-9b93-1d1f-8d7d712ff9a3",
  "outputs": {},
  "resources": [
    {
      "mode": "managed",
      "type": "azurerm_linux_web_app",
      "name": "res-0",
      "provider": "provider[\"registry.terraform.io/hashicorp/azurerm\"]",
      "instances": [
        {
          "schema_version": 1,
          "attributes": {
            "app_settings": {
              "WEBSITES_ENABLE_APP_SERVICE_STORAGE": "false"
            },
            "auth_settings": [],
            "auth_settings_v2": [],
            "backup": [],
            "client_affinity_enabled": false,
            "client_certificate_enabled": false,
            "client_certificate_exclusion_paths": "",
            "client_certificate_mode": "Required",
            "connection_string": [],
            "custom_domain_verification_id": "C5F266831833D65DC3DEDA5AC7DD6231AA7068F0303EA6235392B7C22F5E3A09",
            "default_hostname": "dev-processes-gotenberg.azurewebsites.net",
            "enabled": true,
            "ftp_publish_basic_authentication_enabled": true,
            "hosting_environment_id": "",
            "https_only": true,
            "id": "/subscriptions/6b284c13-deae-4ba4-a188-36192eb6f2ef/resourceGroups/rg-devops-rnd/providers/Microsoft.Web/sites/dev-processes-gotenberg",
            "identity": [],
            "key_vault_reference_identity_id": "SystemAssigned",
            "kind": "app,linux,container",
            "location": "switzerlandnorth",
            "logs": [
              {
                "application_logs": [],
                "detailed_error_messages": false,
                "failed_request_tracing": false,
                "http_logs": [
                  {
                    "azure_blob_storage": [],
                    "file_system": [
                      {
                        "retention_in_days": 7,
                        "retention_in_mb": 100
                      }
                    ]
                  }
                ]
              }
            ],
            "name": "dev-processes-gotenberg",
            "outbound_ip_address_list": [
              "4.226.42.120",
              "20.250.68.248",
              "20.250.132.203",
              "20.250.133.193",
              "20.250.133.226",
              "20.250.133.237",
              "20.208.5.36"
            ],
            "outbound_ip_addresses": "4.226.42.120,20.250.68.248,20.250.132.203,20.250.133.193,20.250.133.226,20.250.133.237,20.208.5.36",
            "possible_outbound_ip_address_list": [
              "20.250.133.240",
              "20.250.134.7",
              "20.250.134.194",
              "20.250.134.225",
              "20.250.134.233",
              "20.250.135.26",
              "4.226.41.128",
              "4.226.41.134",
              "4.226.41.158",
              "4.226.41.164",
              "4.226.41.178",
              "4.226.41.183",
              "4.226.42.0",
              "4.226.42.5",
              "4.226.42.13",
              "4.226.42.29",
              "4.226.42.52",
              "4.226.42.91",
              "4.226.42.120",
              "20.250.68.248",
              "20.250.132.203",
              "20.250.133.193",
              "20.250.133.226",
              "20.250.133.237",
              "20.250.133.240",
              "20.250.134.7",
              "20.250.134.194",
              "20.250.134.225",
              "20.250.134.233",
              "20.250.135.26",
              "20.250.135.121",
              "20.250.135.203",
              "20.250.168.252",
              "20.250.169.19",
              "20.250.169.120",
              "20.250.169.127",
              "20.208.5.36"
            ],
            "possible_outbound_ip_addresses": "20.250.133.240,20.250.134.7,20.250.134.194,20.250.134.225,20.250.134.233,20.250.135.26,4.226.41.128,4.226.41.134,4.226.41.158,4.226.41.164,4.226.41.178,4.226.41.183,4.226.42.0,4.226.42.5,4.226.42.13,4.226.42.29,4.226.42.52,4.226.42.91,4.226.42.120,20.250.68.248,20.250.132.203,20.250.133.193,20.250.133.226,20.250.133.237,20.250.133.240,20.250.134.7,20.250.134.194,20.250.134.225,20.250.134.233,20.250.135.26,20.250.135.121,20.250.135.203,20.250.168.252,20.250.169.19,20.250.169.120,20.250.169.127,20.208.5.36",
            "public_network_access_enabled": true,
            "resource_group_name": "rg-devops-rnd",
            "service_plan_id": "/subscriptions/6b284c13-deae-4ba4-a188-36192eb6f2ef/resourceGroups/rg-devops-rnd/providers/Microsoft.Web/serverFarms/ASP-gotenberg-9e1c",
            "site_config": [
              {
                "always_on": true,
                "api_definition_url": "",
                "api_management_api_id": "",
                "app_command_line": "",
                "application_stack": [
                  {
                    "docker_image": "",
                    "docker_image_name": "",
                    "docker_image_tag": "",
                    "docker_registry_password": "",
                    "docker_registry_url": "",
                    "docker_registry_username": "",
                    "dotnet_version": "",
                    "go_version": "",
                    "java_server": "",
                    "java_server_version": "",
                    "java_version": "",
                    "node_version": "",
                    "php_version": "",
                    "python_version": "",
                    "ruby_version": ""
                  }
                ],
                "auto_heal_enabled": false,
                "auto_heal_setting": [],
                "container_registry_managed_identity_client_id": "",
                "container_registry_use_managed_identity": false,
                "cors": [],
                "default_documents": [
                  "Default.htm",
                  "Default.html",
                  "Default.asp",
                  "index.htm",
                  "index.html",
                  "iisstart.htm",
                  "default.aspx",
                  "index.php",
                  "hostingstart.html"
                ],
                "detailed_error_logging_enabled": false,
                "ftps_state": "FtpsOnly",
                "health_check_eviction_time_in_min": 10,
                "health_check_path": "/health",
                "http2_enabled": false,
                "ip_restriction": [],
                "ip_restriction_default_action": "Allow",
                "linux_fx_version": "COMPOSE|dmVyc2lvbjogIjMuOCIKCnNlcnZpY2VzOgogIGdvdGVuYmVyZzoKICAgIGltYWdlOiBnb3RlbmJlcmcvZ290ZW5iZXJnOjgKICAgIHBvcnRzOgogICAgICAtICI4MDo4MCIKICAgIGNvbW1hbmQ6IAogICAgICAtICJnb3RlbmJlcmciCiAgICAgIC0gIi0tYXBpLXBvcnQ9ODAiCiAgICAgIC0gIi0tYXBpLXRpbWVvdXQ9MTgwMHMi",
                "load_balancing_mode": "LeastRequests",
                "local_mysql_enabled": false,
                "managed_pipeline_mode": "Integrated",
                "minimum_tls_version": "1.2",
                "remote_debugging_enabled": false,
                "remote_debugging_version": "",
                "scm_ip_restriction": [],
                "scm_ip_restriction_default_action": "Allow",
                "scm_minimum_tls_version": "1.2",
                "scm_type": "None",
                "scm_use_main_ip_restriction": false,
                "use_32_bit_worker": true,
                "vnet_route_all_enabled": false,
                "websockets_enabled": false,
                "worker_count": 1
              }
            ],
            "site_credential": [
              {
                "name": "$dev-processes-gotenberg",
                "password": "JCLrB5xBrZ1yL9NYsprirCRABRWC82MZH5wd61q4frLMAHJTu5G1ylm9g5ug"
              }
            ],
            "sticky_settings": [
              {
                "app_setting_names": [
                  "DD_API_KEY",
                  "DD_LOGS_ENABLED",
                  "DD_LOGS_INJECTION",
                  "DD_SITE",
                  "DD_TRACE_ENABLED",
                  "DD_TRACE_SAMPLE_RATE",
                  "TINI_SUBREAPER"
                ],
                "connection_string_names": []
              }
            ],
            "storage_account": [],
            "tags": {},
            "timeouts": null,
            "virtual_network_subnet_id": "",
            "webdeploy_publish_basic_authentication_enabled": true,
            "zip_deploy_file": ""
          },
          "sensitive_attributes": [
            [
              {
                "type": "get_attr",
                "value": "site_credential"
              }
            ],
            [
              {
                "type": "get_attr",
                "value": "custom_domain_verification_id"
              }
            ],
            [
              {
                "type": "get_attr",
                "value": "site_config"
              },
              {
                "type": "index",
                "value": {
                  "value": 0,
                  "type": "number"
                }
              },
              {
                "type": "get_attr",
                "value": "application_stack"
              },
              {
                "type": "index",
                "value": {
                  "value": 0,
                  "type": "number"
                }
              },
              {
                "type": "get_attr",
                "value": "docker_registry_password"
              }
            ]
          ],
          "private": "eyJlMmJmYjczMC1lY2FhLTExZTYtOGY4OC0zNDM2M2JjN2M0YzAiOnsiY3JlYXRlIjoxODAwMDAwMDAwMDAwLCJkZWxldGUiOjE4MDAwMDAwMDAwMDAsInJlYWQiOjMwMDAwMDAwMDAwMCwidXBkYXRlIjoxODAwMDAwMDAwMDAwfSwic2NoZW1hX3ZlcnNpb24iOiIxIn0="
        }
      ]
    }
  ],
  "check_results": null
}
