{
  "version": 4,
  "terraform_version": "1.9.8",
  "serial": 21,
  "lineage": "3ffa114a-b90c-d185-c7f2-985e4ec4d05e",
  "outputs": {},
  "resources": [
    {
      "mode": "data",
      "type": "azurerm_resource_group",
      "name": "rg-devops-rnd",
      "provider": "provider[\"registry.terraform.io/hashicorp/azurerm\"]",
      "instances": [
        {
          "schema_version": 0,
          "attributes": {
            "id": "/subscriptions/6b284c13-deae-4ba4-a188-36192eb6f2ef/resourceGroups/rg-devops-rnd",
            "location": "switzerlandnorth",
            "name": "rg-devops-rnd",
            "tags": {},
            "timeouts": null
          },
          "sensitive_attributes": []
        }
      ]
    },
    {
      "mode": "managed",
      "type": "azurerm_linux_web_app",
      "name": "webapp",
      "provider": "provider[\"registry.terraform.io/hashicorp/azurerm\"]",
      "instances": [
        {
          "schema_version": 0,
          "attributes": {
            "app_settings": {
              "DD_API_KEY": "34b5f3753931f8077506f252936f9061",
              "DD_LOGS_ENABLED": "true",
              "DD_LOGS_INJECTION": "true",
              "DD_SITE": "datadoghq.eu",
              "DD_TRACE_ENABLED": "true",
              "DOCKER_REGISTRY_SERVER_URL": "https://index.docker.io/v1",
              "TINI_SUBREAPER": "true",
              "WEBSITES_ENABLE_APP_SERVICE_STORAGE": "false"
            },
            "auth_settings": [
              {
                "active_directory": [],
                "additional_login_parameters": {},
                "allowed_external_redirect_urls": [],
                "default_provider": "",
                "enabled": false,
                "facebook": [],
                "github": [],
                "google": [],
                "issuer": "",
                "microsoft": [],
                "runtime_version": "",
                "token_refresh_extension_hours": 0,
                "token_store_enabled": false,
                "twitter": [],
                "unauthenticated_client_action": ""
              }
            ],
            "backup": [],
            "client_affinity_enabled": false,
            "client_certificate_enabled": false,
            "client_certificate_exclusion_paths": "",
            "client_certificate_mode": "Required",
            "connection_string": [],
            "custom_domain_verification_id": "C5F266831833D65DC3DEDA5AC7DD6231AA7068F0303EA6235392B7C22F5E3A09",
            "default_hostname": "attempt-webapp-gotenberg.azurewebsites.net",
            "enabled": true,
            "https_only": true,
            "id": "/subscriptions/6b284c13-deae-4ba4-a188-36192eb6f2ef/resourceGroups/rg-devops-rnd/providers/Microsoft.Web/sites/attempt-webapp-gotenberg",
            "identity": [],
            "key_vault_reference_identity_id": "SystemAssigned",
            "kind": "app,linux,container",
            "location": "switzerlandnorth",
            "logs": [
              {
                "application_logs": [],
                "detailed_error_messages": false,
                "failed_request_tracing": false,
                "http_logs": [
                  {
                    "azure_blob_storage": [],
                    "file_system": [
                      {
                        "retention_in_days": 0,
                        "retention_in_mb": 100
                      }
                    ]
                  }
                ]
              }
            ],
            "name": "attempt-webapp-gotenberg",
            "outbound_ip_address_list": [
              "4.226.42.120",
              "20.250.68.248",
              "20.250.132.203",
              "20.250.133.193",
              "20.250.133.226",
              "20.250.133.237",
              "20.208.5.36"
            ],
            "outbound_ip_addresses": "4.226.42.120,20.250.68.248,20.250.132.203,20.250.133.193,20.250.133.226,20.250.133.237,20.208.5.36",
            "possible_outbound_ip_address_list": [
              "20.250.133.240",
              "20.250.134.7",
              "20.250.134.194",
              "20.250.134.225",
              "20.250.134.233",
              "20.250.135.26",
              "4.226.41.128",
              "4.226.41.134",
              "4.226.41.158",
              "4.226.41.164",
              "4.226.41.178",
              "4.226.41.183",
              "4.226.42.0",
              "4.226.42.5",
              "4.226.42.13",
              "4.226.42.29",
              "4.226.42.52",
              "4.226.42.91",
              "4.226.42.120",
              "20.250.68.248",
              "20.250.132.203",
              "20.250.133.193",
              "20.250.133.226",
              "20.250.133.237",
              "20.250.133.240",
              "20.250.134.7",
              "20.250.134.194",
              "20.250.134.225",
              "20.250.134.233",
              "20.250.135.26",
              "20.250.135.121",
              "20.250.135.203",
              "20.250.168.252",
              "20.250.169.19",
              "20.250.169.120",
              "20.250.169.127",
              "20.208.5.36"
            ],
            "possible_outbound_ip_addresses": "20.250.133.240,20.250.134.7,20.250.134.194,20.250.134.225,20.250.134.233,20.250.135.26,4.226.41.128,4.226.41.134,4.226.41.158,4.226.41.164,4.226.41.178,4.226.41.183,4.226.42.0,4.226.42.5,4.226.42.13,4.226.42.29,4.226.42.52,4.226.42.91,4.226.42.120,20.250.68.248,20.250.132.203,20.250.133.193,20.250.133.226,20.250.133.237,20.250.133.240,20.250.134.7,20.250.134.194,20.250.134.225,20.250.134.233,20.250.135.26,20.250.135.121,20.250.135.203,20.250.168.252,20.250.169.19,20.250.169.120,20.250.169.127,20.208.5.36",
            "resource_group_name": "rg-devops-rnd",
            "service_plan_id": "/subscriptions/6b284c13-deae-4ba4-a188-36192eb6f2ef/resourceGroups/rg-devops-rnd/providers/Microsoft.Web/serverfarms/attempt-asp-gotenberg",
            "site_config": [
              {
                "always_on": true,
                "api_definition_url": "",
                "api_management_api_id": "",
                "app_command_line": "gotenberg --api-port=80 --api-timeout=1800s --log-level=info",
                "application_stack": [
                  {
                    "docker_image": "gotenberg/gotenberg",
                    "docker_image_tag": "8",
                    "dotnet_version": "",
                    "go_version": "",
                    "java_server": "",
                    "java_server_version": "",
                    "java_version": "",
                    "node_version": "",
                    "php_version": "",
                    "python_version": "",
                    "ruby_version": ""
                  }
                ],
                "auto_heal_enabled": false,
                "auto_heal_setting": [],
                "container_registry_managed_identity_client_id": "",
                "container_registry_use_managed_identity": false,
                "cors": [
                  {
                    "allowed_origins": [
                      "*"
                    ],
                    "support_credentials": false
                  }
                ],
                "default_documents": [
                  "Default.htm",
                  "Default.html",
                  "Default.asp",
                  "index.htm",
                  "index.html",
                  "iisstart.htm",
                  "default.aspx",
                  "index.php",
                  "hostingstart.html"
                ],
                "detailed_error_logging_enabled": false,
                "ftps_state": "FtpsOnly",
                "health_check_eviction_time_in_min": 0,
                "health_check_path": "/health",
                "http2_enabled": false,
                "ip_restriction": [],
                "linux_fx_version": "DOCKER|gotenberg/gotenberg:8",
                "load_balancing_mode": "LeastRequests",
                "local_mysql_enabled": false,
                "managed_pipeline_mode": "Integrated",
                "minimum_tls_version": "1.2",
                "remote_debugging_enabled": false,
                "remote_debugging_version": "VS2022",
                "scm_ip_restriction": [],
                "scm_minimum_tls_version": "1.2",
                "scm_type": "None",
                "scm_use_main_ip_restriction": false,
                "use_32_bit_worker": true,
                "vnet_route_all_enabled": false,
                "websockets_enabled": false,
                "worker_count": 1
              }
            ],
            "site_credential": [
              {
                "name": "$attempt-webapp-gotenberg",
                "password": "6it3PlKBSKyxN3sXH0kpHaSuwHSECfo7guhTdRmgLEhtfg3oxify62ssz8vx"
              }
            ],
            "sticky_settings": [
              {
                "app_setting_names": [
                  "DD_API_KEY",
                  "DD_LOGS_ENABLED",
                  "DD_LOGS_INJECTION",
                  "DD_SITE",
                  "DD_TRACE_ENABLED"
                ],
                "connection_string_names": []
              }
            ],
            "storage_account": [],
            "tags": {
              "env": "attempt",
              "name": "attempt-webapp-gotenberg"
            },
            "timeouts": null,
            "virtual_network_subnet_id": "",
            "zip_deploy_file": ""
          },
          "sensitive_attributes": [
            [
              {
                "type": "get_attr",
                "value": "custom_domain_verification_id"
              }
            ]
          ],
          "private": "eyJlMmJmYjczMC1lY2FhLTExZTYtOGY4OC0zNDM2M2JjN2M0YzAiOnsiY3JlYXRlIjoxODAwMDAwMDAwMDAwLCJkZWxldGUiOjE4MDAwMDAwMDAwMDAsInJlYWQiOjMwMDAwMDAwMDAwMCwidXBkYXRlIjoxODAwMDAwMDAwMDAwfX0=",
          "dependencies": [
            "azurerm_service_plan.serviceplan",
            "data.azurerm_resource_group.rg-devops-rnd"
          ]
        }
      ]
    },
    {
      "mode": "managed",
      "type": "azurerm_service_plan",
      "name": "serviceplan",
      "provider": "provider[\"registry.terraform.io/hashicorp/azurerm\"]",
      "instances": [
        {
          "schema_version": 0,
          "attributes": {
            "app_service_environment_id": "",
            "id": "/subscriptions/6b284c13-deae-4ba4-a188-36192eb6f2ef/resourceGroups/rg-devops-rnd/providers/Microsoft.Web/serverfarms/attempt-asp-gotenberg",
            "kind": "linux",
            "location": "switzerlandnorth",
            "maximum_elastic_worker_count": 1,
            "name": "attempt-asp-gotenberg",
            "os_type": "Linux",
            "per_site_scaling_enabled": false,
            "reserved": true,
            "resource_group_name": "rg-devops-rnd",
            "sku_name": "P2v3",
            "tags": {},
            "timeouts": null,
            "worker_count": 1,
            "zone_balancing_enabled": false
          },
          "sensitive_attributes": [],
          "private": "eyJlMmJmYjczMC1lY2FhLTExZTYtOGY4OC0zNDM2M2JjN2M0YzAiOnsiY3JlYXRlIjozNjAwMDAwMDAwMDAwLCJkZWxldGUiOjM2MDAwMDAwMDAwMDAsInJlYWQiOjMwMDAwMDAwMDAwMCwidXBkYXRlIjozNjAwMDAwMDAwMDAwfX0=",
          "dependencies": [
            "data.azurerm_resource_group.rg-devops-rnd"
          ]
        }
      ]
    }
  ],
  "check_results": null
}
